
Microsoft Visual Studio Solution File, Format Version 12.00
# Visual Studio Version 17
VisualStudioVersion = 17.4.33213.308
MinimumVisualStudioVersion = 10.0.40219.1
Project("{F184B08F-C81C-45F6-A57F-5ABD9991F28F}") = "DiceGame", "DiceGame\DiceGame.vbproj", "{3FE82263-1DD9-420B-B09E-84B8AD4C6243}"
EndProject
Global
	GlobalSection(SolutionConfigurationPlatforms) = preSolution
		Debug|Any CPU = Debug|Any CPU
		Release|Any CPU = Release|Any CPU
	EndGlobalSection
	GlobalSection(ProjectConfigurationPlatforms) = postSolution
		{3FE82263-1DD9-420B-B09E-84B8AD4C6243}.Debug|Any CPU.ActiveCfg = Debug|Any CPU
		{3FE82263-1DD9-420B-B09E-84B8AD4C6243}.Debug|Any CPU.Build.0 = Debug|Any CPU
		{3FE82263-1DD9-420B-B09E-84B8AD4C6243}.Release|Any CPU.ActiveCfg = Release|Any CPU
		{3FE82263-1DD9-420B-B09E-84B8AD4C6243}.Release|Any CPU.Build.0 = Release|Any CPU
	EndGlobalSection
	GlobalSection(SolutionProperties) = preSolution
		HideSolutionNode = FALSE
	EndGlobalSection
	GlobalSection(ExtensibilityGlobals) = postSolution
		SolutionGuid = {1DBA3820-205C-4752-8C52-B54B4E755714}
	EndGlobalSection
EndGlobal
